<?xml version="1.0" encoding="utf-8"?>
<Project ToolsVersion="4.0" xmlns="http://schemas.microsoft.com/developer/msbuild/2003">
  <ItemGroup>
    <Filter Include="File di origine">
      <UniqueIdentifier>{4FC737F1-C7A5-4376-A066-2A32D752A2FF}</UniqueIdentifier>
      <Extensions>cpp;c;cc;cxx;c++;cppm;ixx;def;odl;idl;hpj;bat;asm;asmx</Extensions>
    </Filter>
    <Filter Include="File di intestazione">
      <UniqueIdentifier>{93995380-89BD-4b04-88EB-625FBE52EBFB}</UniqueIdentifier>
      <Extensions>h;hh;hpp;hxx;h++;hm;inl;inc;ipp;xsd</Extensions>
    </Filter>
    <Filter Include="File di risorse">
      <UniqueIdentifier>{67DA6AB6-F800-4c08-8B7A-83BB121AAD01}</UniqueIdentifier>
      <Extensions>rc;ico;cur;bmp;dlg;rc2;rct;bin;rgs;gif;jpg;jpeg;jpe;resx;tiff;tif;png;wav;mfcribbon-ms</Extensions>
    </Filter>
    <Filter Include="File di intestazione\zep">
      <UniqueIdentifier>{576c057e-8c5f-4193-ac76-3ce1b6dee9d5}</UniqueIdentifier>
    </Filter>
    <Filter Include="File di intestazione\zep\imgui">
      <UniqueIdentifier>{8969a6f2-ba59-4956-98ec-bb923fb6e294}</UniqueIdentifier>
    </Filter>
    <Filter Include="File di origine\zep">
      <UniqueIdentifier>{564657b2-de77-4404-80a1-7110866d56e8}</UniqueIdentifier>
    </Filter>
  </ItemGroup>
  <ItemGroup>
    <ClCompile Include="ChonkyStation.cpp">
      <Filter>File di origine</Filter>
    </ClCompile>
    <ClCompile Include="Bus.cpp">
      <Filter>File di origine</Filter>
    </ClCompile>
    <ClCompile Include="cpu.cpp">
      <Filter>File di origine</Filter>
    </ClCompile>
    <ClCompile Include="memory.cpp">
      <Filter>File di origine</Filter>
    </ClCompile>
    <ClCompile Include="glad\src\glad.c">
      <Filter>File di origine</Filter>
    </ClCompile>
    <ClCompile Include="imgui\imgui.cpp">
      <Filter>File di origine</Filter>
    </ClCompile>
    <ClCompile Include="imgui\imgui_demo.cpp">
      <Filter>File di origine</Filter>
    </ClCompile>
    <ClCompile Include="imgui\imgui_draw.cpp">
      <Filter>File di origine</Filter>
    </ClCompile>
    <ClCompile Include="imgui\imgui_tables.cpp">
      <Filter>File di origine</Filter>
    </ClCompile>
    <ClCompile Include="imgui\imgui_widgets.cpp">
      <Filter>File di origine</Filter>
    </ClCompile>
    <ClCompile Include="imgui\backends\imgui_impl_opengl3.cpp">
      <Filter>File di origine</Filter>
    </ClCompile>
    <ClCompile Include="cop0.cpp">
      <Filter>File di origine</Filter>
    </ClCompile>
    <ClCompile Include="gpu.cpp">
      <Filter>File di origine</Filter>
    </ClCompile>
    <ClCompile Include="cdrom.cpp">
      <Filter>File di origine</Filter>
    </ClCompile>
    <ClCompile Include="CD.cpp">
      <Filter>File di origine</Filter>
    </ClCompile>
    <ClCompile Include="imgui\backends\imgui_impl_glfw.cpp">
      <Filter>File di origine</Filter>
    </ClCompile>
    <ClCompile Include="TinyFileDialogs\tinyfiledialogs.c">
      <Filter>File di origine</Filter>
    </ClCompile>
    <ClCompile Include="scheduler.cpp">
      <Filter>File di origine</Filter>
    </ClCompile>
    <ClCompile Include="gte.cpp">
      <Filter>File di origine</Filter>
    </ClCompile>
    <ClCompile Include="pad.cpp">
      <Filter>File di origine</Filter>
    </ClCompile>
    <ClCompile Include="Shader Editor\shader-editor.cc">
      <Filter>File di origine</Filter>
    </ClCompile>
    <ClCompile Include="Shader Editor\ZepEditor.cc">
      <Filter>File di origine</Filter>
    </ClCompile>
    <ClCompile Include="zep\src\editor.cpp">
      <Filter>File di origine\zep</Filter>
    </ClCompile>
    <ClCompile Include="zep\src\filesystem.cpp">
      <Filter>File di origine\zep</Filter>
    </ClCompile>
    <ClCompile Include="zep\src\mode_standard.cpp">
      <Filter>File di origine\zep</Filter>
    </ClCompile>
    <ClCompile Include="zep\src\mode_vim.cpp">
      <Filter>File di origine\zep</Filter>
    </ClCompile>
    <ClCompile Include="zep\src\syntax.cpp">
      <Filter>File di origine\zep</Filter>
    </ClCompile>
    <ClCompile Include="zep\src\tab_window.cpp">
      <Filter>File di origine\zep</Filter>
    </ClCompile>
    <ClCompile Include="zep\src\theme.cpp">
      <Filter>File di origine\zep</Filter>
    </ClCompile>
    <ClCompile Include="zep\src\window.cpp">
      <Filter>File di origine\zep</Filter>
    </ClCompile>
    <ClCompile Include="zep\src\buffer.cpp">
      <Filter>File di origine\zep</Filter>
    </ClCompile>
    <ClCompile Include="zep\src\commands.cpp">
      <Filter>File di origine\zep</Filter>
    </ClCompile>
    <ClCompile Include="zep\src\display.cpp">
      <Filter>File di origine\zep</Filter>
    </ClCompile>
    <ClCompile Include="zep\src\glyph_iterator.cpp">
      <Filter>File di origine\zep</Filter>
    </ClCompile>
    <ClCompile Include="zep\src\indexer.cpp">
      <Filter>File di origine\zep</Filter>
    </ClCompile>
    <ClCompile Include="zep\src\keymap.cpp">
      <Filter>File di origine\zep</Filter>
    </ClCompile>
    <ClCompile Include="zep\src\line_widgets.cpp">
      <Filter>File di origine\zep</Filter>
    </ClCompile>
    <ClCompile Include="zep\src\mode.cpp">
      <Filter>File di origine\zep</Filter>
    </ClCompile>
    <ClCompile Include="zep\src\mode_search.cpp">
      <Filter>File di origine\zep</Filter>
    </ClCompile>
    <ClCompile Include="zep\src\mode_tree.cpp">
      <Filter>File di origine\zep</Filter>
    </ClCompile>
    <ClCompile Include="zep\src\range_markers.cpp">
      <Filter>File di origine\zep</Filter>
    </ClCompile>
    <ClCompile Include="zep\src\regress.cpp">
      <Filter>File di origine\zep</Filter>
    </ClCompile>
    <ClCompile Include="zep\src\scroller.cpp">
      <Filter>File di origine\zep</Filter>
    </ClCompile>
    <ClCompile Include="zep\src\splits.cpp">
      <Filter>File di origine\zep</Filter>
    </ClCompile>
    <ClCompile Include="zep\src\syntax_markdown.cpp">
      <Filter>File di origine\zep</Filter>
    </ClCompile>
    <ClCompile Include="zep\src\syntax_providers.cpp">
      <Filter>File di origine\zep</Filter>
    </ClCompile>
    <ClCompile Include="zep\src\syntax_rainbow_brackets.cpp">
      <Filter>File di origine\zep</Filter>
    </ClCompile>
    <ClCompile Include="zep\src\syntax_tree.cpp">
      <Filter>File di origine\zep</Filter>
    </ClCompile>
    <ClCompile Include="zep\src\mcommon\animation\timer.cpp">
      <Filter>File di origine\zep</Filter>
    </ClCompile>
    <ClCompile Include="zep\src\mcommon\file\path.cpp">
      <Filter>File di origine\zep</Filter>
    </ClCompile>
    <ClCompile Include="zep\src\mcommon\string\murmur_hash.cpp">
      <Filter>File di origine\zep</Filter>
    </ClCompile>
    <ClCompile Include="zep\src\mcommon\string\stringutils.cpp">
      <Filter>File di origine\zep</Filter>
    </ClCompile>
    <ClCompile Include="mdec.cpp">
      <Filter>File di origine</Filter>
    </ClCompile>
  </ItemGroup>
  <ItemGroup>
    <ClInclude Include="Bus.h">
      <Filter>File di intestazione</Filter>
    </ClInclude>
    <ClInclude Include="cpu.h">
      <Filter>File di intestazione</Filter>
    </ClInclude>
    <ClInclude Include="memory.h">
      <Filter>File di intestazione</Filter>
    </ClInclude>
    <ClInclude Include="imgui\imconfig.h">
      <Filter>File di intestazione</Filter>
    </ClInclude>
    <ClInclude Include="imgui\imgui.h">
      <Filter>File di intestazione</Filter>
    </ClInclude>
    <ClInclude Include="imgui\imstb_rectpack.h">
      <Filter>File di intestazione</Filter>
    </ClInclude>
    <ClInclude Include="imgui\imstb_textedit.h">
      <Filter>File di intestazione</Filter>
    </ClInclude>
    <ClInclude Include="imgui\imstb_truetype.h">
      <Filter>File di intestazione</Filter>
    </ClInclude>
    <ClInclude Include="imgui\backends\imgui_impl_opengl3.h">
      <Filter>File di origine</Filter>
    </ClInclude>
    <ClInclude Include="cop0.h">
      <Filter>File di intestazione</Filter>
    </ClInclude>
    <ClInclude Include="gpu.h">
      <Filter>File di intestazione</Filter>
    </ClInclude>
    <ClInclude Include="cdrom.h">
      <Filter>File di intestazione</Filter>
    </ClInclude>
    <ClInclude Include="CD.h">
      <Filter>File di intestazione</Filter>
    </ClInclude>
    <ClInclude Include="GLFW\glfw3.h">
      <Filter>File di intestazione</Filter>
    </ClInclude>
    <ClInclude Include="TinyFileDialogs\tinyfiledialogs.h">
      <Filter>File di intestazione</Filter>
    </ClInclude>
    <ClInclude Include="imgui\imgui_memory_editor.h">
      <Filter>File di intestazione</Filter>
    </ClInclude>
    <ClInclude Include="imgui\imgui_internal.h">
      <Filter>File di intestazione</Filter>
    </ClInclude>
    <ClInclude Include="scheduler.h">
      <Filter>File di intestazione</Filter>
    </ClInclude>
    <ClInclude Include="logwindow.h">
      <Filter>File di intestazione</Filter>
    </ClInclude>
    <ClInclude Include="gte.h">
      <Filter>File di intestazione</Filter>
    </ClInclude>
    <ClInclude Include="tests.h">
      <Filter>File di intestazione</Filter>
    </ClInclude>
    <ClInclude Include="pad.h">
      <Filter>File di intestazione</Filter>
    </ClInclude>
    <ClInclude Include="xbyak\xbyak.h">
      <Filter>File di intestazione</Filter>
    </ClInclude>
    <ClInclude Include="xbyak\xbyak_mnemonic.h">
      <Filter>File di intestazione</Filter>
    </ClInclude>
    <ClInclude Include="xbyak\xbyak_util.h">
      <Filter>File di intestazione</Filter>
    </ClInclude>
    <ClInclude Include="Shader Editor\shader-editor.h">
      <Filter>File di intestazione</Filter>
    </ClInclude>
    <ClInclude Include="Shader Editor\ZepEditor.h">
      <Filter>File di intestazione</Filter>
    </ClInclude>
    <ClInclude Include="zep\include\zep\editor.h">
      <Filter>File di intestazione\zep</Filter>
    </ClInclude>
    <ClInclude Include="zep\include\zep\filesystem.h">
      <Filter>File di intestazione\zep</Filter>
    </ClInclude>
    <ClInclude Include="zep\include\zep\mode_standard.h">
      <Filter>File di intestazione\zep</Filter>
    </ClInclude>
    <ClInclude Include="zep\include\zep\mode_vim.h">
      <Filter>File di intestazione\zep</Filter>
    </ClInclude>
    <ClInclude Include="zep\include\zep\tab_window.h">
      <Filter>File di intestazione\zep</Filter>
    </ClInclude>
    <ClInclude Include="zep\include\zep\theme.h">
      <Filter>File di intestazione\zep</Filter>
    </ClInclude>
    <ClInclude Include="zep\include\zep\window.h">
      <Filter>File di intestazione\zep</Filter>
    </ClInclude>
    <ClInclude Include="zep\include\zep\imgui\display_imgui.h">
      <Filter>File di intestazione\zep\imgui</Filter>
    </ClInclude>
    <ClInclude Include="zep\include\zep\regress.h">
      <Filter>File di intestazione\zep</Filter>
    </ClInclude>
    <ClInclude Include="zep\include\zep\syntax.h">
      <Filter>File di intestazione\zep</Filter>
    </ClInclude>
    <ClInclude Include="mdec.h">
      <Filter>File di intestazione</Filter>
    </ClInclude>
    <ClInclude Include="resource.h">
      <Filter>File di intestazione</Filter>
    </ClInclude>
  </ItemGroup>
  <ItemGroup>
    <ResourceCompile Include="ChonkyStation.rc">
      <Filter>File di risorse</Filter>
    </ResourceCompile>
  </ItemGroup>
  <ItemGroup>
    <Image Include="..\..\..\Downloads\icon.ico">
      <Filter>File di risorse</Filter>
    </Image>
    <Image Include="..\..\..\Downloads\icon2.ico">
      <Filter>File di risorse</Filter>
    </Image>
  </ItemGroup>
</Project>